PODS:
  - ProjectOxfordFace (1.2.6)

DEPENDENCIES:
  - ProjectOxfordFace (from `../`)

EXTERNAL SOURCES:
  ProjectOxfordFace:
    :path: "../"

SPEC CHECKSUMS:
  ProjectOxfordFace: 2117f7465e7a53e3557ad1f9a633d8d2104c9fa8

PODFILE CHECKSUM: a5d2c084667aa893cf7f8e0a5e76252611a40a74

COCOAPODS: 1.2.1
