PODS:
  - ProjectOxfordFace (1.2.5)

DEPENDENCIES:
  - ProjectOxfordFace (from `../`)

EXTERNAL SOURCES:
  ProjectOxfordFace:
    :path: "../"

SPEC CHECKSUMS:
  ProjectOxfordFace: 761eb5af9b3718fd969d1249c6ff83b6d33cf163

PODFILE CHECKSUM: a5d2c084667aa893cf7f8e0a5e76252611a40a74

COCOAPODS: 1.2.0
