PODS:
  - ProjectOxfordFace (1.3.0)

DEPENDENCIES:
  - ProjectOxfordFace (from `../`)

EXTERNAL SOURCES:
  ProjectOxfordFace:
    :path: "../"

SPEC CHECKSUMS:
  ProjectOxfordFace: 85f032721e0a4326358b752aebae082b3151a202

PODFILE CHECKSUM: a5d2c084667aa893cf7f8e0a5e76252611a40a74

COCOAPODS: 1.2.1
