// !$*UTF8*$!
{
	archiveVersion = 1;
	classes = {
	};
	objectVersion = 46;
	objects = {

/* Begin PBXBuildFile section */
		4C6A0B91EABA8B4017E149C3 /* Pods_ProjectOxfordFace_Tests.framework in Frameworks */ = {isa = PBXBuildFile; fileRef = 87F83B3BC26C7A3EF3D14D52 /* Pods_ProjectOxfordFace_Tests.framework */; };
		50F08410AD7D895D49D6DAEC /* Pods_ProjectOxfordFace_Example.framework in Frameworks */ = {isa = PBXBuildFile; fileRef = AE558E5537FC3033395667D9 /* Pods_ProjectOxfordFace_Example.framework */; };
		6003F58E195388D20070C39A /* Foundation.framework in Frameworks */ = {isa = PBXBuildFile; fileRef = 6003F58D195388D20070C39A /* Foundation.framework */; };
		6003F590195388D20070C39A /* CoreGraphics.framework in Frameworks */ = {isa = PBXBuildFile; fileRef = 6003F58F195388D20070C39A /* CoreGraphics.framework */; };
		6003F592195388D20070C39A /* UIKit.framework in Frameworks */ = {isa = PBXBuildFile; fileRef = 6003F591195388D20070C39A /* UIKit.framework */; };
		6003F598195388D20070C39A /* InfoPlist.strings in Resources */ = {isa = PBXBuildFile; fileRef = 6003F596195388D20070C39A /* InfoPlist.strings */; };
		6003F59A195388D20070C39A /* main.m in Sources */ = {isa = PBXBuildFile; fileRef = 6003F599195388D20070C39A /* main.m */; };
		6003F59E195388D20070C39A /* MPOAppDelegate.mm in Sources */ = {isa = PBXBuildFile; fileRef = 6003F59D195388D20070C39A /* MPOAppDelegate.mm */; };
		6003F5A9195388D20070C39A /* Images.xcassets in Resources */ = {isa = PBXBuildFile; fileRef = 6003F5A8195388D20070C39A /* Images.xcassets */; };
		6003F5B0195388D20070C39A /* XCTest.framework in Frameworks */ = {isa = PBXBuildFile; fileRef = 6003F5AF195388D20070C39A /* XCTest.framework */; };
		6003F5B1195388D20070C39A /* Foundation.framework in Frameworks */ = {isa = PBXBuildFile; fileRef = 6003F58D195388D20070C39A /* Foundation.framework */; };
		6003F5B2195388D20070C39A /* UIKit.framework in Frameworks */ = {isa = PBXBuildFile; fileRef = 6003F591195388D20070C39A /* UIKit.framework */; };
		6003F5BA195388D20070C39A /* InfoPlist.strings in Resources */ = {isa = PBXBuildFile; fileRef = 6003F5B8195388D20070C39A /* InfoPlist.strings */; };
		6003F5BC195388D20070C39A /* Tests.m in Sources */ = {isa = PBXBuildFile; fileRef = 6003F5BB195388D20070C39A /* Tests.m */; };
		7B4071AD1D65EC1100362256 /* MPOAddPersonFaceController.m in Sources */ = {isa = PBXBuildFile; fileRef = 7B4071AC1D65EC1100362256 /* MPOAddPersonFaceController.m */; };
		7B4071B01D69BEDB00362256 /* UIViewController+BackButtonHandler.m in Sources */ = {isa = PBXBuildFile; fileRef = 7B4071AF1D69BEDB00362256 /* UIViewController+BackButtonHandler.m */; };
		7B4071B31D69BFF300362256 /* MPOMainNavigationController.m in Sources */ = {isa = PBXBuildFile; fileRef = 7B4071B21D69BFF300362256 /* MPOMainNavigationController.m */; };
		7B643B7E1D5F44780012F342 /* Colours.m in Sources */ = {isa = PBXBuildFile; fileRef = 7B643B701D5F44780012F342 /* Colours.m */; };
		7B643B7F1D5F44780012F342 /* LICENSE in Resources */ = {isa = PBXBuildFile; fileRef = 7B643B711D5F44780012F342 /* LICENSE */; };
		7B643B811D5F44780012F342 /* ImageHelper.m in Sources */ = {isa = PBXBuildFile; fileRef = 7B643B771D5F44780012F342 /* ImageHelper.m */; };
		7B643B821D5F44780012F342 /* MBProgressHUD.m in Sources */ = {isa = PBXBuildFile; fileRef = 7B643B7A1D5F44780012F342 /* MBProgressHUD.m */; };
		7B643B8C1D5F450F0012F342 /* MPOPersonFaceCell.m in Sources */ = {isa = PBXBuildFile; fileRef = 7B643B871D5F450F0012F342 /* MPOPersonFaceCell.m */; };
		7B643B8D1D5F450F0012F342 /* MPOPersonFaceCell.xib in Resources */ = {isa = PBXBuildFile; fileRef = 7B643B881D5F450F0012F342 /* MPOPersonFaceCell.xib */; };
		7B643B8E1D5F450F0012F342 /* MPOSimpleFaceCell.m in Sources */ = {isa = PBXBuildFile; fileRef = 7B643B8A1D5F450F0012F342 /* MPOSimpleFaceCell.m */; };
		7B643B8F1D5F450F0012F342 /* MPOSimpleFaceCell.xib in Resources */ = {isa = PBXBuildFile; fileRef = 7B643B8B1D5F450F0012F342 /* MPOSimpleFaceCell.xib */; };
		7B643B961D5F45190012F342 /* GroupPerson.m in Sources */ = {isa = PBXBuildFile; fileRef = 7B643B911D5F45190012F342 /* GroupPerson.m */; };
		7B643B971D5F45190012F342 /* PersonFace.m in Sources */ = {isa = PBXBuildFile; fileRef = 7B643B931D5F45190012F342 /* PersonFace.m */; };
		7B643B981D5F45190012F342 /* PersonGroup.m in Sources */ = {isa = PBXBuildFile; fileRef = 7B643B951D5F45190012F342 /* PersonGroup.m */; };
		7B643BAB1D5F452B0012F342 /* MPOMainViewController.m in Sources */ = {isa = PBXBuildFile; fileRef = 7B643B9A1D5F452B0012F342 /* MPOMainViewController.m */; };
		7B643BAC1D5F452B0012F342 /* MPODetectionViewController.m in Sources */ = {isa = PBXBuildFile; fileRef = 7B643B9C1D5F452B0012F342 /* MPODetectionViewController.m */; };
		7B643BAD1D5F452B0012F342 /* MPOVerificationViewController.m in Sources */ = {isa = PBXBuildFile; fileRef = 7B643B9E1D5F452B0012F342 /* MPOVerificationViewController.m */; };
		7B643BAE1D5F452B0012F342 /* MPOGroupingViewController.m in Sources */ = {isa = PBXBuildFile; fileRef = 7B643BA01D5F452B0012F342 /* MPOGroupingViewController.m */; };
		7B643BAF1D5F452B0012F342 /* MPOSimilarFaceViewController.m in Sources */ = {isa = PBXBuildFile; fileRef = 7B643BA21D5F452B0012F342 /* MPOSimilarFaceViewController.m */; };
		7B643BB01D5F452B0012F342 /* MPOIdentificationViewController.m in Sources */ = {isa = PBXBuildFile; fileRef = 7B643BA41D5F452B0012F342 /* MPOIdentificationViewController.m */; };
		7B643BB11D5F452B0012F342 /* MPOPersonGroupListController.m in Sources */ = {isa = PBXBuildFile; fileRef = 7B643BA61D5F452B0012F342 /* MPOPersonGroupListController.m */; };
		7B643BB21D5F452B0012F342 /* MPOPersonGroupController.m in Sources */ = {isa = PBXBuildFile; fileRef = 7B643BA81D5F452B0012F342 /* MPOPersonGroupController.m */; };
		7B643BB31D5F452B0012F342 /* MPOPersonFacesController.m in Sources */ = {isa = PBXBuildFile; fileRef = 7B643BAA1D5F452B0012F342 /* MPOPersonFacesController.m */; };
		7B643BC51D5F467B0012F342 /* UIImage+Crop.m in Sources */ = {isa = PBXBuildFile; fileRef = 7B643BB61D5F467B0012F342 /* UIImage+Crop.m */; };
		7B643BC61D5F467B0012F342 /* UIImage+FixOrientation.m in Sources */ = {isa = PBXBuildFile; fileRef = 7B643BB81D5F467B0012F342 /* UIImage+FixOrientation.m */; };
		7B643BC71D5F467B0012F342 /* UIImage+Resize.m in Sources */ = {isa = PBXBuildFile; fileRef = 7B643BBA1D5F467B0012F342 /* UIImage+Resize.m */; };
		7B643BC81D5F467B0012F342 /* UIViewController+DismissKeyboard.m in Sources */ = {isa = PBXBuildFile; fileRef = 7B643BBC1D5F467B0012F342 /* UIViewController+DismissKeyboard.m */; };
		7B643BCA1D5F467B0012F342 /* ViewUtils.m in Sources */ = {isa = PBXBuildFile; fileRef = 7B643BC01D5F467B0012F342 /* ViewUtils.m */; };
		7B643BCB1D5F467B0012F342 /* CommonUtil.m in Sources */ = {isa = PBXBuildFile; fileRef = 7B643BC21D5F467B0012F342 /* CommonUtil.m */; };
		7B643BD51D6041E00012F342 /* MPODetectionCell.m in Sources */ = {isa = PBXBuildFile; fileRef = 7B643BD41D6041E00012F342 /* MPODetectionCell.m */; };
		7B643BDB1D60604A0012F342 /* MPOGroupSectionHeaderView.m in Sources */ = {isa = PBXBuildFile; fileRef = 7B643BDA1D60604A0012F342 /* MPOGroupSectionHeaderView.m */; };
		E25BA4F420FDCD1F00C18B42 /* PersistedFace.m in Sources */ = {isa = PBXBuildFile; fileRef = E25BA4F320FDCD1F00C18B42 /* PersistedFace.m */; };
		EF575B0F1C6872540021A3AD /* DetectTestCase.m in Sources */ = {isa = PBXBuildFile; fileRef = EF575B061C6872540021A3AD /* DetectTestCase.m */; };
		EF575B101C6872540021A3AD /* GroupTestCase.m in Sources */ = {isa = PBXBuildFile; fileRef = EF575B071C6872540021A3AD /* GroupTestCase.m */; };
		EF575B111C6872540021A3AD /* IdentifyTestCase.m in Sources */ = {isa = PBXBuildFile; fileRef = EF575B081C6872540021A3AD /* IdentifyTestCase.m */; };
		EF575B121C6872540021A3AD /* MPOTestHelpers.m in Sources */ = {isa = PBXBuildFile; fileRef = EF575B0B1C6872540021A3AD /* MPOTestHelpers.m */; };
		EF575B131C6872540021A3AD /* PersonGroupTestCase.m in Sources */ = {isa = PBXBuildFile; fileRef = EF575B0C1C6872540021A3AD /* PersonGroupTestCase.m */; };
		EF575B141C6872540021A3AD /* SimilarTestCase.m in Sources */ = {isa = PBXBuildFile; fileRef = EF575B0D1C6872540021A3AD /* SimilarTestCase.m */; };
		EF575B151C6872540021A3AD /* VerifyTestCase.m in Sources */ = {isa = PBXBuildFile; fileRef = EF575B0E1C6872540021A3AD /* VerifyTestCase.m */; };
		EF7E8CA01CA0C5A8005FFB2F /* MSC12_John_001.jpg in Resources */ = {isa = PBXBuildFile; fileRef = EF7E8C991CA0C5A8005FFB2F /* MSC12_John_001.jpg */; };
		EF7E8CA11CA0C5A8005FFB2F /* MSC12_John_002.jpg in Resources */ = {isa = PBXBuildFile; fileRef = EF7E8C9A1CA0C5A8005FFB2F /* MSC12_John_002.jpg */; };
		EF7E8CA21CA0C5A8005FFB2F /* MSC13_ChrisA_01.jpg in Resources */ = {isa = PBXBuildFile; fileRef = EF7E8C9B1CA0C5A8005FFB2F /* MSC13_ChrisA_01.jpg */; };
		EF7E8CA31CA0C5A8005FFB2F /* MSC13_ChrisA_02.jpg in Resources */ = {isa = PBXBuildFile; fileRef = EF7E8C9C1CA0C5A8005FFB2F /* MSC13_ChrisA_02.jpg */; };
		EF7E8CA41CA0C5A8005FFB2F /* MSC13_ChrisA_04.jpg in Resources */ = {isa = PBXBuildFile; fileRef = EF7E8C9D1CA0C5A8005FFB2F /* MSC13_ChrisA_04.jpg */; };
		EF7E8CA51CA0C5A8005FFB2F /* WIN12_Alberto_01.png in Resources */ = {isa = PBXBuildFile; fileRef = EF7E8C9E1CA0C5A8005FFB2F /* WIN12_Alberto_01.png */; };
		EF7E8CA61CA0C5A8005FFB2F /* WIN12_Alberto_03.png in Resources */ = {isa = PBXBuildFile; fileRef = EF7E8C9F1CA0C5A8005FFB2F /* WIN12_Alberto_03.png */; };
		EF9BE0141C7083380017C1FB /* FaceListTestCase.m in Sources */ = {isa = PBXBuildFile; fileRef = EF9BE0131C7083380017C1FB /* FaceListTestCase.m */; };
		EFD5E59B1C79AA7300CD8FE8 /* MainStoryboard.storyboard in Resources */ = {isa = PBXBuildFile; fileRef = EFD5E59A1C79AA7300CD8FE8 /* MainStoryboard.storyboard */; };
/* End PBXBuildFile section */

/* Begin PBXContainerItemProxy section */
		6003F5B3195388D20070C39A /* PBXContainerItemProxy */ = {
			isa = PBXContainerItemProxy;
			containerPortal = 6003F582195388D10070C39A /* Project object */;
			proxyType = 1;
			remoteGlobalIDString = 6003F589195388D20070C39A;
			remoteInfo = ProjectOxfordFace;
		};
/* End PBXContainerItemProxy section */

/* Begin PBXFileReference section */
		0E49F1FE5F9E9E9B7ECCAD07 /* ProjectOxfordFace.podspec */ = {isa = PBXFileReference; includeInIndex = 1; lastKnownFileType = text; name = ProjectOxfordFace.podspec; path = ../ProjectOxfordFace.podspec; sourceTree = "<group>"; };
		14D9649E7385DC1922B971FB /* Pods-ProjectOxfordFace_Tests.debug.xcconfig */ = {isa = PBXFileReference; includeInIndex = 1; lastKnownFileType = text.xcconfig; name = "Pods-ProjectOxfordFace_Tests.debug.xcconfig"; path = "Pods/Target Support Files/Pods-ProjectOxfordFace_Tests/Pods-ProjectOxfordFace_Tests.debug.xcconfig"; sourceTree = "<group>"; };
		383B8562DF4DE37999FE4619 /* LICENSE */ = {isa = PBXFileReference; includeInIndex = 1; lastKnownFileType = text; name = LICENSE; path = ../LICENSE; sourceTree = "<group>"; };
		3A605DC677126D4E80C1EA81 /* README.md */ = {isa = PBXFileReference; includeInIndex = 1; lastKnownFileType = net.daringfireball.markdown; name = README.md; path = ../README.md; sourceTree = "<group>"; };
		48DF88C98C0ED6A235A8BF0E /* Pods-ProjectOxfordFace_Example.debug.xcconfig */ = {isa = PBXFileReference; includeInIndex = 1; lastKnownFileType = text.xcconfig; name = "Pods-ProjectOxfordFace_Example.debug.xcconfig"; path = "Pods/Target Support Files/Pods-ProjectOxfordFace_Example/Pods-ProjectOxfordFace_Example.debug.xcconfig"; sourceTree = "<group>"; };
		6003F58A195388D20070C39A /* ProjectOxfordFace_Example.app */ = {isa = PBXFileReference; explicitFileType = wrapper.application; includeInIndex = 0; path = ProjectOxfordFace_Example.app; sourceTree = BUILT_PRODUCTS_DIR; };
		6003F58D195388D20070C39A /* Foundation.framework */ = {isa = PBXFileReference; lastKnownFileType = wrapper.framework; name = Foundation.framework; path = System/Library/Frameworks/Foundation.framework; sourceTree = SDKROOT; };
		6003F58F195388D20070C39A /* CoreGraphics.framework */ = {isa = PBXFileReference; lastKnownFileType = wrapper.framework; name = CoreGraphics.framework; path = System/Library/Frameworks/CoreGraphics.framework; sourceTree = SDKROOT; };
		6003F591195388D20070C39A /* UIKit.framework */ = {isa = PBXFileReference; lastKnownFileType = wrapper.framework; name = UIKit.framework; path = System/Library/Frameworks/UIKit.framework; sourceTree = SDKROOT; };
		6003F595195388D20070C39A /* ProjectOxfordFace-Info.plist */ = {isa = PBXFileReference; lastKnownFileType = text.plist.xml; path = "ProjectOxfordFace-Info.plist"; sourceTree = "<group>"; };
		6003F597195388D20070C39A /* en */ = {isa = PBXFileReference; lastKnownFileType = text.plist.strings; name = en; path = en.lproj/InfoPlist.strings; sourceTree = "<group>"; };
		6003F599195388D20070C39A /* main.m */ = {isa = PBXFileReference; lastKnownFileType = sourcecode.c.objc; path = main.m; sourceTree = "<group>"; };
		6003F59B195388D20070C39A /* ProjectOxfordFace-Prefix.pch */ = {isa = PBXFileReference; lastKnownFileType = sourcecode.c.h; path = "ProjectOxfordFace-Prefix.pch"; sourceTree = "<group>"; };
		6003F59C195388D20070C39A /* MPOAppDelegate.h */ = {isa = PBXFileReference; lastKnownFileType = sourcecode.c.h; path = MPOAppDelegate.h; sourceTree = "<group>"; };
		6003F59D195388D20070C39A /* MPOAppDelegate.mm */ = {isa = PBXFileReference; lastKnownFileType = sourcecode.cpp.objcpp; path = MPOAppDelegate.mm; sourceTree = "<group>"; };
		6003F5A8195388D20070C39A /* Images.xcassets */ = {isa = PBXFileReference; lastKnownFileType = folder.assetcatalog; path = Images.xcassets; sourceTree = "<group>"; };
		6003F5AE195388D20070C39A /* ProjectOxfordFace_Tests.xctest */ = {isa = PBXFileReference; explicitFileType = wrapper.cfbundle; includeInIndex = 0; path = ProjectOxfordFace_Tests.xctest; sourceTree = BUILT_PRODUCTS_DIR; };
		6003F5AF195388D20070C39A /* XCTest.framework */ = {isa = PBXFileReference; lastKnownFileType = wrapper.framework; name = XCTest.framework; path = Library/Frameworks/XCTest.framework; sourceTree = DEVELOPER_DIR; };
		6003F5B7195388D20070C39A /* Tests-Info.plist */ = {isa = PBXFileReference; lastKnownFileType = text.plist.xml; path = "Tests-Info.plist"; sourceTree = "<group>"; };
		6003F5B9195388D20070C39A /* en */ = {isa = PBXFileReference; lastKnownFileType = text.plist.strings; name = en; path = en.lproj/InfoPlist.strings; sourceTree = "<group>"; };
		6003F5BB195388D20070C39A /* Tests.m */ = {isa = PBXFileReference; lastKnownFileType = sourcecode.c.objc; path = Tests.m; sourceTree = "<group>"; };
		606FC2411953D9B200FFA9A0 /* Tests-Prefix.pch */ = {isa = PBXFileReference; lastKnownFileType = sourcecode.c.h; path = "Tests-Prefix.pch"; sourceTree = "<group>"; };
		6721C85774307A50E8CEE96C /* Pods-ProjectOxfordFace_Tests.release.xcconfig */ = {isa = PBXFileReference; includeInIndex = 1; lastKnownFileType = text.xcconfig; name = "Pods-ProjectOxfordFace_Tests.release.xcconfig"; path = "Pods/Target Support Files/Pods-ProjectOxfordFace_Tests/Pods-ProjectOxfordFace_Tests.release.xcconfig"; sourceTree = "<group>"; };
		7B4071AB1D65EC1100362256 /* MPOAddPersonFaceController.h */ = {isa = PBXFileReference; fileEncoding = 4; lastKnownFileType = sourcecode.c.h; path = MPOAddPersonFaceController.h; sourceTree = "<group>"; };
		7B4071AC1D65EC1100362256 /* MPOAddPersonFaceController.m */ = {isa = PBXFileReference; fileEncoding = 4; lastKnownFileType = sourcecode.c.objc; path = MPOAddPersonFaceController.m; sourceTree = "<group>"; };
		7B4071AE1D69BEDB00362256 /* UIViewController+BackButtonHandler.h */ = {isa = PBXFileReference; fileEncoding = 4; lastKnownFileType = sourcecode.c.h; path = "UIViewController+BackButtonHandler.h"; sourceTree = "<group>"; };
		7B4071AF1D69BEDB00362256 /* UIViewController+BackButtonHandler.m */ = {isa = PBXFileReference; fileEncoding = 4; lastKnownFileType = sourcecode.c.objc; path = "UIViewController+BackButtonHandler.m"; sourceTree = "<group>"; };
		7B4071B11D69BFF300362256 /* MPOMainNavigationController.h */ = {isa = PBXFileReference; fileEncoding = 4; lastKnownFileType = sourcecode.c.h; path = MPOMainNavigationController.h; sourceTree = "<group>"; };
		7B4071B21D69BFF300362256 /* MPOMainNavigationController.m */ = {isa = PBXFileReference; fileEncoding = 4; lastKnownFileType = sourcecode.c.objc; path = MPOMainNavigationController.m; sourceTree = "<group>"; };
		7B643B6F1D5F44780012F342 /* Colours.h */ = {isa = PBXFileReference; fileEncoding = 4; lastKnownFileType = sourcecode.c.h; path = Colours.h; sourceTree = "<group>"; };
		7B643B701D5F44780012F342 /* Colours.m */ = {isa = PBXFileReference; fileEncoding = 4; lastKnownFileType = sourcecode.c.objc; path = Colours.m; sourceTree = "<group>"; };
		7B643B711D5F44780012F342 /* LICENSE */ = {isa = PBXFileReference; fileEncoding = 4; lastKnownFileType = text; path = LICENSE; sourceTree = "<group>"; };
		7B643B761D5F44780012F342 /* ImageHelper.h */ = {isa = PBXFileReference; fileEncoding = 4; lastKnownFileType = sourcecode.c.h; path = ImageHelper.h; sourceTree = "<group>"; };
		7B643B771D5F44780012F342 /* ImageHelper.m */ = {isa = PBXFileReference; fileEncoding = 4; lastKnownFileType = sourcecode.c.objc; path = ImageHelper.m; sourceTree = "<group>"; };
		7B643B791D5F44780012F342 /* MBProgressHUD.h */ = {isa = PBXFileReference; fileEncoding = 4; lastKnownFileType = sourcecode.c.h; path = MBProgressHUD.h; sourceTree = "<group>"; };
		7B643B7A1D5F44780012F342 /* MBProgressHUD.m */ = {isa = PBXFileReference; fileEncoding = 4; lastKnownFileType = sourcecode.c.objc; path = MBProgressHUD.m; sourceTree = "<group>"; };
		7B643B861D5F450F0012F342 /* MPOPersonFaceCell.h */ = {isa = PBXFileReference; fileEncoding = 4; lastKnownFileType = sourcecode.c.h; path = MPOPersonFaceCell.h; sourceTree = "<group>"; };
		7B643B871D5F450F0012F342 /* MPOPersonFaceCell.m */ = {isa = PBXFileReference; fileEncoding = 4; lastKnownFileType = sourcecode.c.objc; path = MPOPersonFaceCell.m; sourceTree = "<group>"; };
		7B643B881D5F450F0012F342 /* MPOPersonFaceCell.xib */ = {isa = PBXFileReference; fileEncoding = 4; lastKnownFileType = file.xib; path = MPOPersonFaceCell.xib; sourceTree = "<group>"; };
		7B643B891D5F450F0012F342 /* MPOSimpleFaceCell.h */ = {isa = PBXFileReference; fileEncoding = 4; lastKnownFileType = sourcecode.c.h; path = MPOSimpleFaceCell.h; sourceTree = "<group>"; };
		7B643B8A1D5F450F0012F342 /* MPOSimpleFaceCell.m */ = {isa = PBXFileReference; fileEncoding = 4; lastKnownFileType = sourcecode.c.objc; path = MPOSimpleFaceCell.m; sourceTree = "<group>"; };
		7B643B8B1D5F450F0012F342 /* MPOSimpleFaceCell.xib */ = {isa = PBXFileReference; fileEncoding = 4; lastKnownFileType = file.xib; path = MPOSimpleFaceCell.xib; sourceTree = "<group>"; };
		7B643B901D5F45190012F342 /* GroupPerson.h */ = {isa = PBXFileReference; fileEncoding = 4; lastKnownFileType = sourcecode.c.h; path = GroupPerson.h; sourceTree = "<group>"; };
		7B643B911D5F45190012F342 /* GroupPerson.m */ = {isa = PBXFileReference; fileEncoding = 4; lastKnownFileType = sourcecode.c.objc; path = GroupPerson.m; sourceTree = "<group>"; };
		7B643B921D5F45190012F342 /* PersonFace.h */ = {isa = PBXFileReference; fileEncoding = 4; lastKnownFileType = sourcecode.c.h; path = PersonFace.h; sourceTree = "<group>"; };
		7B643B931D5F45190012F342 /* PersonFace.m */ = {isa = PBXFileReference; fileEncoding = 4; lastKnownFileType = sourcecode.c.objc; path = PersonFace.m; sourceTree = "<group>"; };
		7B643B941D5F45190012F342 /* PersonGroup.h */ = {isa = PBXFileReference; fileEncoding = 4; lastKnownFileType = sourcecode.c.h; path = PersonGroup.h; sourceTree = "<group>"; };
		7B643B951D5F45190012F342 /* PersonGroup.m */ = {isa = PBXFileReference; fileEncoding = 4; lastKnownFileType = sourcecode.c.objc; path = PersonGroup.m; sourceTree = "<group>"; };
		7B643B991D5F452B0012F342 /* MPOMainViewController.h */ = {isa = PBXFileReference; fileEncoding = 4; lastKnownFileType = sourcecode.c.h; path = MPOMainViewController.h; sourceTree = "<group>"; };
		7B643B9A1D5F452B0012F342 /* MPOMainViewController.m */ = {isa = PBXFileReference; fileEncoding = 4; lastKnownFileType = sourcecode.c.objc; path = MPOMainViewController.m; sourceTree = "<group>"; };
		7B643B9B1D5F452B0012F342 /* MPODetectionViewController.h */ = {isa = PBXFileReference; fileEncoding = 4; lastKnownFileType = sourcecode.c.h; path = MPODetectionViewController.h; sourceTree = "<group>"; };
		7B643B9C1D5F452B0012F342 /* MPODetectionViewController.m */ = {isa = PBXFileReference; fileEncoding = 4; lastKnownFileType = sourcecode.c.objc; path = MPODetectionViewController.m; sourceTree = "<group>"; };
		7B643B9D1D5F452B0012F342 /* MPOVerificationViewController.h */ = {isa = PBXFileReference; fileEncoding = 4; lastKnownFileType = sourcecode.c.h; path = MPOVerificationViewController.h; sourceTree = "<group>"; };
		7B643B9E1D5F452B0012F342 /* MPOVerificationViewController.m */ = {isa = PBXFileReference; fileEncoding = 4; lastKnownFileType = sourcecode.c.objc; path = MPOVerificationViewController.m; sourceTree = "<group>"; };
		7B643B9F1D5F452B0012F342 /* MPOGroupingViewController.h */ = {isa = PBXFileReference; fileEncoding = 4; lastKnownFileType = sourcecode.c.h; path = MPOGroupingViewController.h; sourceTree = "<group>"; };
		7B643BA01D5F452B0012F342 /* MPOGroupingViewController.m */ = {isa = PBXFileReference; fileEncoding = 4; lastKnownFileType = sourcecode.c.objc; path = MPOGroupingViewController.m; sourceTree = "<group>"; };
		7B643BA11D5F452B0012F342 /* MPOSimilarFaceViewController.h */ = {isa = PBXFileReference; fileEncoding = 4; lastKnownFileType = sourcecode.c.h; path = MPOSimilarFaceViewController.h; sourceTree = "<group>"; };
		7B643BA21D5F452B0012F342 /* MPOSimilarFaceViewController.m */ = {isa = PBXFileReference; fileEncoding = 4; lastKnownFileType = sourcecode.c.objc; path = MPOSimilarFaceViewController.m; sourceTree = "<group>"; };
		7B643BA31D5F452B0012F342 /* MPOIdentificationViewController.h */ = {isa = PBXFileReference; fileEncoding = 4; lastKnownFileType = sourcecode.c.h; path = MPOIdentificationViewController.h; sourceTree = "<group>"; };
		7B643BA41D5F452B0012F342 /* MPOIdentificationViewController.m */ = {isa = PBXFileReference; fileEncoding = 4; lastKnownFileType = sourcecode.c.objc; path = MPOIdentificationViewController.m; sourceTree = "<group>"; };
		7B643BA51D5F452B0012F342 /* MPOPersonGroupListController.h */ = {isa = PBXFileReference; fileEncoding = 4; lastKnownFileType = sourcecode.c.h; path = MPOPersonGroupListController.h; sourceTree = "<group>"; };
		7B643BA61D5F452B0012F342 /* MPOPersonGroupListController.m */ = {isa = PBXFileReference; fileEncoding = 4; lastKnownFileType = sourcecode.c.objc; path = MPOPersonGroupListController.m; sourceTree = "<group>"; };
		7B643BA71D5F452B0012F342 /* MPOPersonGroupController.h */ = {isa = PBXFileReference; fileEncoding = 4; lastKnownFileType = sourcecode.c.h; path = MPOPersonGroupController.h; sourceTree = "<group>"; };
		7B643BA81D5F452B0012F342 /* MPOPersonGroupController.m */ = {isa = PBXFileReference; fileEncoding = 4; lastKnownFileType = sourcecode.c.objc; path = MPOPersonGroupController.m; sourceTree = "<group>"; };
		7B643BA91D5F452B0012F342 /* MPOPersonFacesController.h */ = {isa = PBXFileReference; fileEncoding = 4; lastKnownFileType = sourcecode.c.h; path = MPOPersonFacesController.h; sourceTree = "<group>"; };
		7B643BAA1D5F452B0012F342 /* MPOPersonFacesController.m */ = {isa = PBXFileReference; fileEncoding = 4; lastKnownFileType = sourcecode.c.objc; path = MPOPersonFacesController.m; sourceTree = "<group>"; };
		7B643BB51D5F467B0012F342 /* UIImage+Crop.h */ = {isa = PBXFileReference; fileEncoding = 4; lastKnownFileType = sourcecode.c.h; path = "UIImage+Crop.h"; sourceTree = "<group>"; };
		7B643BB61D5F467B0012F342 /* UIImage+Crop.m */ = {isa = PBXFileReference; fileEncoding = 4; lastKnownFileType = sourcecode.c.objc; path = "UIImage+Crop.m"; sourceTree = "<group>"; };
		7B643BB71D5F467B0012F342 /* UIImage+FixOrientation.h */ = {isa = PBXFileReference; fileEncoding = 4; lastKnownFileType = sourcecode.c.h; path = "UIImage+FixOrientation.h"; sourceTree = "<group>"; };
		7B643BB81D5F467B0012F342 /* UIImage+FixOrientation.m */ = {isa = PBXFileReference; fileEncoding = 4; lastKnownFileType = sourcecode.c.objc; path = "UIImage+FixOrientation.m"; sourceTree = "<group>"; };
		7B643BB91D5F467B0012F342 /* UIImage+Resize.h */ = {isa = PBXFileReference; fileEncoding = 4; lastKnownFileType = sourcecode.c.h; path = "UIImage+Resize.h"; sourceTree = "<group>"; };
		7B643BBA1D5F467B0012F342 /* UIImage+Resize.m */ = {isa = PBXFileReference; fileEncoding = 4; lastKnownFileType = sourcecode.c.objc; path = "UIImage+Resize.m"; sourceTree = "<group>"; };
		7B643BBB1D5F467B0012F342 /* UIViewController+DismissKeyboard.h */ = {isa = PBXFileReference; fileEncoding = 4; lastKnownFileType = sourcecode.c.h; path = "UIViewController+DismissKeyboard.h"; sourceTree = "<group>"; };
		7B643BBC1D5F467B0012F342 /* UIViewController+DismissKeyboard.m */ = {isa = PBXFileReference; fileEncoding = 4; lastKnownFileType = sourcecode.c.objc; path = "UIViewController+DismissKeyboard.m"; sourceTree = "<group>"; };
		7B643BBF1D5F467B0012F342 /* ViewUtils.h */ = {isa = PBXFileReference; fileEncoding = 4; lastKnownFileType = sourcecode.c.h; path = ViewUtils.h; sourceTree = "<group>"; };
		7B643BC01D5F467B0012F342 /* ViewUtils.m */ = {isa = PBXFileReference; fileEncoding = 4; lastKnownFileType = sourcecode.c.objc; path = ViewUtils.m; sourceTree = "<group>"; };
		7B643BC11D5F467B0012F342 /* CommonUtil.h */ = {isa = PBXFileReference; fileEncoding = 4; lastKnownFileType = sourcecode.c.h; path = CommonUtil.h; sourceTree = "<group>"; };
		7B643BC21D5F467B0012F342 /* CommonUtil.m */ = {isa = PBXFileReference; fileEncoding = 4; lastKnownFileType = sourcecode.c.objc; path = CommonUtil.m; sourceTree = "<group>"; };
		7B643BCD1D5F47B60012F342 /* FaceSdkMobile.framework */ = {isa = PBXFileReference; lastKnownFileType = wrapper.framework; name = FaceSdkMobile.framework; path = FaceSDK/FaceSdkMobile.framework; sourceTree = "<group>"; };
		7B643BD31D6041E00012F342 /* MPODetectionCell.h */ = {isa = PBXFileReference; fileEncoding = 4; lastKnownFileType = sourcecode.c.h; path = MPODetectionCell.h; sourceTree = "<group>"; };
		7B643BD41D6041E00012F342 /* MPODetectionCell.m */ = {isa = PBXFileReference; fileEncoding = 4; lastKnownFileType = sourcecode.c.objc; path = MPODetectionCell.m; sourceTree = "<group>"; };
		7B643BD91D60604A0012F342 /* MPOGroupSectionHeaderView.h */ = {isa = PBXFileReference; fileEncoding = 4; lastKnownFileType = sourcecode.c.h; path = MPOGroupSectionHeaderView.h; sourceTree = "<group>"; };
		7B643BDA1D60604A0012F342 /* MPOGroupSectionHeaderView.m */ = {isa = PBXFileReference; fileEncoding = 4; lastKnownFileType = sourcecode.c.objc; path = MPOGroupSectionHeaderView.m; sourceTree = "<group>"; };
		87F83B3BC26C7A3EF3D14D52 /* Pods_ProjectOxfordFace_Tests.framework */ = {isa = PBXFileReference; explicitFileType = wrapper.framework; includeInIndex = 0; path = Pods_ProjectOxfordFace_Tests.framework; sourceTree = BUILT_PRODUCTS_DIR; };
		A51D13CAF7F407F1572D680E /* Pods-ProjectOxfordFace_Example.release.xcconfig */ = {isa = PBXFileReference; includeInIndex = 1; lastKnownFileType = text.xcconfig; name = "Pods-ProjectOxfordFace_Example.release.xcconfig"; path = "Pods/Target Support Files/Pods-ProjectOxfordFace_Example/Pods-ProjectOxfordFace_Example.release.xcconfig"; sourceTree = "<group>"; };
		AE558E5537FC3033395667D9 /* Pods_ProjectOxfordFace_Example.framework */ = {isa = PBXFileReference; explicitFileType = wrapper.framework; includeInIndex = 0; path = Pods_ProjectOxfordFace_Example.framework; sourceTree = BUILT_PRODUCTS_DIR; };
		E25BA4F320FDCD1F00C18B42 /* PersistedFace.m */ = {isa = PBXFileReference; lastKnownFileType = sourcecode.c.objc; path = PersistedFace.m; sourceTree = "<group>"; };
		E29E6B5A20FDCECF006F5A02 /* PersistedFace.h */ = {isa = PBXFileReference; fileEncoding = 4; lastKnownFileType = sourcecode.c.h; path = PersistedFace.h; sourceTree = "<group>"; };
		EF575B061C6872540021A3AD /* DetectTestCase.m */ = {isa = PBXFileReference; fileEncoding = 4; lastKnownFileType = sourcecode.c.objc; path = DetectTestCase.m; sourceTree = "<group>"; };
		EF575B071C6872540021A3AD /* GroupTestCase.m */ = {isa = PBXFileReference; fileEncoding = 4; lastKnownFileType = sourcecode.c.objc; path = GroupTestCase.m; sourceTree = "<group>"; };
		EF575B081C6872540021A3AD /* IdentifyTestCase.m */ = {isa = PBXFileReference; fileEncoding = 4; lastKnownFileType = sourcecode.c.objc; path = IdentifyTestCase.m; sourceTree = "<group>"; };
		EF575B091C6872540021A3AD /* MPOTestConstants.h */ = {isa = PBXFileReference; fileEncoding = 4; lastKnownFileType = sourcecode.c.h; path = MPOTestConstants.h; sourceTree = "<group>"; };
		EF575B0A1C6872540021A3AD /* MPOTestHelpers.h */ = {isa = PBXFileReference; fileEncoding = 4; lastKnownFileType = sourcecode.c.h; path = MPOTestHelpers.h; sourceTree = "<group>"; };
		EF575B0B1C6872540021A3AD /* MPOTestHelpers.m */ = {isa = PBXFileReference; fileEncoding = 4; lastKnownFileType = sourcecode.c.objc; path = MPOTestHelpers.m; sourceTree = "<group>"; };
		EF575B0C1C6872540021A3AD /* PersonGroupTestCase.m */ = {isa = PBXFileReference; fileEncoding = 4; lastKnownFileType = sourcecode.c.objc; path = PersonGroupTestCase.m; sourceTree = "<group>"; };
		EF575B0D1C6872540021A3AD /* SimilarTestCase.m */ = {isa = PBXFileReference; fileEncoding = 4; lastKnownFileType = sourcecode.c.objc; path = SimilarTestCase.m; sourceTree = "<group>"; };
		EF575B0E1C6872540021A3AD /* VerifyTestCase.m */ = {isa = PBXFileReference; fileEncoding = 4; lastKnownFileType = sourcecode.c.objc; path = VerifyTestCase.m; sourceTree = "<group>"; };
		EF7E8C991CA0C5A8005FFB2F /* MSC12_John_001.jpg */ = {isa = PBXFileReference; lastKnownFileType = image.jpeg; name = MSC12_John_001.jpg; path = SampleImages/MSC12_John_001.jpg; sourceTree = SOURCE_ROOT; };
		EF7E8C9A1CA0C5A8005FFB2F /* MSC12_John_002.jpg */ = {isa = PBXFileReference; lastKnownFileType = image.jpeg; name = MSC12_John_002.jpg; path = SampleImages/MSC12_John_002.jpg; sourceTree = SOURCE_ROOT; };
		EF7E8C9B1CA0C5A8005FFB2F /* MSC13_ChrisA_01.jpg */ = {isa = PBXFileReference; lastKnownFileType = image.jpeg; name = MSC13_ChrisA_01.jpg; path = SampleImages/MSC13_ChrisA_01.jpg; sourceTree = SOURCE_ROOT; };
		EF7E8C9C1CA0C5A8005FFB2F /* MSC13_ChrisA_02.jpg */ = {isa = PBXFileReference; lastKnownFileType = image.jpeg; name = MSC13_ChrisA_02.jpg; path = SampleImages/MSC13_ChrisA_02.jpg; sourceTree = SOURCE_ROOT; };
		EF7E8C9D1CA0C5A8005FFB2F /* MSC13_ChrisA_04.jpg */ = {isa = PBXFileReference; lastKnownFileType = image.jpeg; name = MSC13_ChrisA_04.jpg; path = SampleImages/MSC13_ChrisA_04.jpg; sourceTree = SOURCE_ROOT; };
		EF7E8C9E1CA0C5A8005FFB2F /* WIN12_Alberto_01.png */ = {isa = PBXFileReference; lastKnownFileType = image.png; name = WIN12_Alberto_01.png; path = SampleImages/WIN12_Alberto_01.png; sourceTree = SOURCE_ROOT; };
		EF7E8C9F1CA0C5A8005FFB2F /* WIN12_Alberto_03.png */ = {isa = PBXFileReference; lastKnownFileType = image.png; name = WIN12_Alberto_03.png; path = SampleImages/WIN12_Alberto_03.png; sourceTree = SOURCE_ROOT; };
		EF9BE0131C7083380017C1FB /* FaceListTestCase.m */ = {isa = PBXFileReference; fileEncoding = 4; lastKnownFileType = sourcecode.c.objc; path = FaceListTestCase.m; sourceTree = "<group>"; };
		EFD5E59A1C79AA7300CD8FE8 /* MainStoryboard.storyboard */ = {isa = PBXFileReference; fileEncoding = 4; lastKnownFileType = file.storyboard; name = MainStoryboard.storyboard; path = ../MainStoryboard.storyboard; sourceTree = "<group>"; };
/* End PBXFileReference section */

/* Begin PBXFrameworksBuildPhase section */
		6003F587195388D20070C39A /* Frameworks */ = {
			isa = PBXFrameworksBuildPhase;
			buildActionMask = 2147483647;
			files = (
				6003F590195388D20070C39A /* CoreGraphics.framework in Frameworks */,
				6003F592195388D20070C39A /* UIKit.framework in Frameworks */,
				6003F58E195388D20070C39A /* Foundation.framework in Frameworks */,
				50F08410AD7D895D49D6DAEC /* Pods_ProjectOxfordFace_Example.framework in Frameworks */,
			);
			runOnlyForDeploymentPostprocessing = 0;
		};
		6003F5AB195388D20070C39A /* Frameworks */ = {
			isa = PBXFrameworksBuildPhase;
			buildActionMask = 2147483647;
			files = (
				6003F5B0195388D20070C39A /* XCTest.framework in Frameworks */,
				6003F5B2195388D20070C39A /* UIKit.framework in Frameworks */,
				6003F5B1195388D20070C39A /* Foundation.framework in Frameworks */,
				4C6A0B91EABA8B4017E149C3 /* Pods_ProjectOxfordFace_Tests.framework in Frameworks */,
			);
			runOnlyForDeploymentPostprocessing = 0;
		};
/* End PBXFrameworksBuildPhase section */

/* Begin PBXGroup section */
		6003F581195388D10070C39A = {
			isa = PBXGroup;
			children = (
				60FF7A9C1954A5C5007DD14C /* Podspec Metadata */,
				6003F593195388D20070C39A /* Example for ProjectOxfordFace */,
				6003F5B5195388D20070C39A /* Tests */,
				6003F58C195388D20070C39A /* Frameworks */,
				6003F58B195388D20070C39A /* Products */,
				88B336E0ABE7F88A7E93C1DB /* Pods */,
			);
			sourceTree = "<group>";
		};
		6003F58B195388D20070C39A /* Products */ = {
			isa = PBXGroup;
			children = (
				6003F58A195388D20070C39A /* ProjectOxfordFace_Example.app */,
				6003F5AE195388D20070C39A /* ProjectOxfordFace_Tests.xctest */,
			);
			name = Products;
			sourceTree = "<group>";
		};
		6003F58C195388D20070C39A /* Frameworks */ = {
			isa = PBXGroup;
			children = (
				7B643BCD1D5F47B60012F342 /* FaceSdkMobile.framework */,
				6003F58D195388D20070C39A /* Foundation.framework */,
				6003F58F195388D20070C39A /* CoreGraphics.framework */,
				6003F591195388D20070C39A /* UIKit.framework */,
				6003F5AF195388D20070C39A /* XCTest.framework */,
				AE558E5537FC3033395667D9 /* Pods_ProjectOxfordFace_Example.framework */,
				87F83B3BC26C7A3EF3D14D52 /* Pods_ProjectOxfordFace_Tests.framework */,
			);
			name = Frameworks;
			sourceTree = "<group>";
		};
		6003F593195388D20070C39A /* Example for ProjectOxfordFace */ = {
			isa = PBXGroup;
			children = (
				7B643B851D5F44F60012F342 /* Model */,
				7B643B841D5F44EF0012F342 /* View */,
				7B643B831D5F44E60012F342 /* Controller */,
				7B643B6D1D5F44780012F342 /* Utils */,
				6003F59C195388D20070C39A /* MPOAppDelegate.h */,
				6003F59D195388D20070C39A /* MPOAppDelegate.mm */,
				EFD5E59A1C79AA7300CD8FE8 /* MainStoryboard.storyboard */,
				6003F5A8195388D20070C39A /* Images.xcassets */,
				6003F594195388D20070C39A /* Supporting Files */,
			);
			name = "Example for ProjectOxfordFace";
			path = ProjectOxfordFace;
			sourceTree = "<group>";
		};
		6003F594195388D20070C39A /* Supporting Files */ = {
			isa = PBXGroup;
			children = (
				6003F595195388D20070C39A /* ProjectOxfordFace-Info.plist */,
				6003F596195388D20070C39A /* InfoPlist.strings */,
				6003F599195388D20070C39A /* main.m */,
				6003F59B195388D20070C39A /* ProjectOxfordFace-Prefix.pch */,
			);
			name = "Supporting Files";
			sourceTree = "<group>";
		};
		6003F5B5195388D20070C39A /* Tests */ = {
			isa = PBXGroup;
			children = (
				EFE53D071CA0D46700C37898 /* Images */,
				EF575B061C6872540021A3AD /* DetectTestCase.m */,
				EF575B071C6872540021A3AD /* GroupTestCase.m */,
				EF575B081C6872540021A3AD /* IdentifyTestCase.m */,
				EF575B091C6872540021A3AD /* MPOTestConstants.h */,
				EF575B0A1C6872540021A3AD /* MPOTestHelpers.h */,
				EF575B0B1C6872540021A3AD /* MPOTestHelpers.m */,
				EF575B0C1C6872540021A3AD /* PersonGroupTestCase.m */,
				EF575B0D1C6872540021A3AD /* SimilarTestCase.m */,
				EF575B0E1C6872540021A3AD /* VerifyTestCase.m */,
				EF9BE0131C7083380017C1FB /* FaceListTestCase.m */,
				6003F5BB195388D20070C39A /* Tests.m */,
				6003F5B6195388D20070C39A /* Supporting Files */,
			);
			path = Tests;
			sourceTree = "<group>";
		};
		6003F5B6195388D20070C39A /* Supporting Files */ = {
			isa = PBXGroup;
			children = (
				6003F5B7195388D20070C39A /* Tests-Info.plist */,
				6003F5B8195388D20070C39A /* InfoPlist.strings */,
				606FC2411953D9B200FFA9A0 /* Tests-Prefix.pch */,
			);
			name = "Supporting Files";
			sourceTree = "<group>";
		};
		60FF7A9C1954A5C5007DD14C /* Podspec Metadata */ = {
			isa = PBXGroup;
			children = (
				0E49F1FE5F9E9E9B7ECCAD07 /* ProjectOxfordFace.podspec */,
				3A605DC677126D4E80C1EA81 /* README.md */,
				383B8562DF4DE37999FE4619 /* LICENSE */,
			);
			name = "Podspec Metadata";
			sourceTree = "<group>";
		};
		7B643B6D1D5F44780012F342 /* Utils */ = {
			isa = PBXGroup;
			children = (
				7B643BB51D5F467B0012F342 /* UIImage+Crop.h */,
				7B643BB61D5F467B0012F342 /* UIImage+Crop.m */,
				7B643BB71D5F467B0012F342 /* UIImage+FixOrientation.h */,
				7B643BB81D5F467B0012F342 /* UIImage+FixOrientation.m */,
				7B643BB91D5F467B0012F342 /* UIImage+Resize.h */,
				7B643BBA1D5F467B0012F342 /* UIImage+Resize.m */,
				7B643BBB1D5F467B0012F342 /* UIViewController+DismissKeyboard.h */,
				7B643BBC1D5F467B0012F342 /* UIViewController+DismissKeyboard.m */,
				7B643BBF1D5F467B0012F342 /* ViewUtils.h */,
				7B643BC01D5F467B0012F342 /* ViewUtils.m */,
				7B643BC11D5F467B0012F342 /* CommonUtil.h */,
				7B643BC21D5F467B0012F342 /* CommonUtil.m */,
				7B4071AE1D69BEDB00362256 /* UIViewController+BackButtonHandler.h */,
				7B4071AF1D69BEDB00362256 /* UIViewController+BackButtonHandler.m */,
				7B643B6E1D5F44780012F342 /* Colours */,
				7B643B751D5F44780012F342 /* ImageHelper */,
				7B643B781D5F44780012F342 /* MBProgressHUD */,
			);
			name = Utils;
			path = utils;
			sourceTree = SOURCE_ROOT;
		};
		7B643B6E1D5F44780012F342 /* Colours */ = {
			isa = PBXGroup;
			children = (
				7B643B6F1D5F44780012F342 /* Colours.h */,
				7B643B701D5F44780012F342 /* Colours.m */,
				7B643B711D5F44780012F342 /* LICENSE */,
			);
			path = Colours;
			sourceTree = "<group>";
		};
		7B643B751D5F44780012F342 /* ImageHelper */ = {
			isa = PBXGroup;
			children = (
				7B643B761D5F44780012F342 /* ImageHelper.h */,
				7B643B771D5F44780012F342 /* ImageHelper.m */,
			);
			path = ImageHelper;
			sourceTree = "<group>";
		};
		7B643B781D5F44780012F342 /* MBProgressHUD */ = {
			isa = PBXGroup;
			children = (
				7B643B791D5F44780012F342 /* MBProgressHUD.h */,
				7B643B7A1D5F44780012F342 /* MBProgressHUD.m */,
			);
			path = MBProgressHUD;
			sourceTree = "<group>";
		};
		7B643B831D5F44E60012F342 /* Controller */ = {
			isa = PBXGroup;
			children = (
				7B643B991D5F452B0012F342 /* MPOMainViewController.h */,
				7B643B9A1D5F452B0012F342 /* MPOMainViewController.m */,
				7B643B9B1D5F452B0012F342 /* MPODetectionViewController.h */,
				7B643B9C1D5F452B0012F342 /* MPODetectionViewController.m */,
				7B643B9D1D5F452B0012F342 /* MPOVerificationViewController.h */,
				7B643B9E1D5F452B0012F342 /* MPOVerificationViewController.m */,
				7B643B9F1D5F452B0012F342 /* MPOGroupingViewController.h */,
				7B643BA01D5F452B0012F342 /* MPOGroupingViewController.m */,
				7B643BA11D5F452B0012F342 /* MPOSimilarFaceViewController.h */,
				7B643BA21D5F452B0012F342 /* MPOSimilarFaceViewController.m */,
				7B643BA31D5F452B0012F342 /* MPOIdentificationViewController.h */,
				7B643BA41D5F452B0012F342 /* MPOIdentificationViewController.m */,
				7B643BA51D5F452B0012F342 /* MPOPersonGroupListController.h */,
				7B643BA61D5F452B0012F342 /* MPOPersonGroupListController.m */,
				7B643BA71D5F452B0012F342 /* MPOPersonGroupController.h */,
				7B643BA81D5F452B0012F342 /* MPOPersonGroupController.m */,
				7B643BA91D5F452B0012F342 /* MPOPersonFacesController.h */,
				7B643BAA1D5F452B0012F342 /* MPOPersonFacesController.m */,
				7B4071AB1D65EC1100362256 /* MPOAddPersonFaceController.h */,
				7B4071AC1D65EC1100362256 /* MPOAddPersonFaceController.m */,
				7B4071B11D69BFF300362256 /* MPOMainNavigationController.h */,
				7B4071B21D69BFF300362256 /* MPOMainNavigationController.m */,
			);
			name = Controller;
			sourceTree = "<group>";
		};
		7B643B841D5F44EF0012F342 /* View */ = {
			isa = PBXGroup;
			children = (
				7B643B861D5F450F0012F342 /* MPOPersonFaceCell.h */,
				7B643B871D5F450F0012F342 /* MPOPersonFaceCell.m */,
				7B643B881D5F450F0012F342 /* MPOPersonFaceCell.xib */,
				7B643B891D5F450F0012F342 /* MPOSimpleFaceCell.h */,
				7B643B8A1D5F450F0012F342 /* MPOSimpleFaceCell.m */,
				7B643B8B1D5F450F0012F342 /* MPOSimpleFaceCell.xib */,
				7B643BD31D6041E00012F342 /* MPODetectionCell.h */,
				7B643BD41D6041E00012F342 /* MPODetectionCell.m */,
				7B643BD91D60604A0012F342 /* MPOGroupSectionHeaderView.h */,
				7B643BDA1D60604A0012F342 /* MPOGroupSectionHeaderView.m */,
			);
			name = View;
			sourceTree = "<group>";
		};
		7B643B851D5F44F60012F342 /* Model */ = {
			isa = PBXGroup;
			children = (
				E29E6B5A20FDCECF006F5A02 /* PersistedFace.h */,
				E25BA4F320FDCD1F00C18B42 /* PersistedFace.m */,
				7B643B901D5F45190012F342 /* GroupPerson.h */,
				7B643B911D5F45190012F342 /* GroupPerson.m */,
				7B643B921D5F45190012F342 /* PersonFace.h */,
				7B643B931D5F45190012F342 /* PersonFace.m */,
				7B643B941D5F45190012F342 /* PersonGroup.h */,
				7B643B951D5F45190012F342 /* PersonGroup.m */,
			);
			name = Model;
			sourceTree = "<group>";
		};
		88B336E0ABE7F88A7E93C1DB /* Pods */ = {
			isa = PBXGroup;
			children = (
				48DF88C98C0ED6A235A8BF0E /* Pods-ProjectOxfordFace_Example.debug.xcconfig */,
				A51D13CAF7F407F1572D680E /* Pods-ProjectOxfordFace_Example.release.xcconfig */,
				14D9649E7385DC1922B971FB /* Pods-ProjectOxfordFace_Tests.debug.xcconfig */,
				6721C85774307A50E8CEE96C /* Pods-ProjectOxfordFace_Tests.release.xcconfig */,
			);
			name = Pods;
			sourceTree = "<group>";
		};
		EFE53D071CA0D46700C37898 /* Images */ = {
			isa = PBXGroup;
			children = (
				EF7E8C991CA0C5A8005FFB2F /* MSC12_John_001.jpg */,
				EF7E8C9A1CA0C5A8005FFB2F /* MSC12_John_002.jpg */,
				EF7E8C9B1CA0C5A8005FFB2F /* MSC13_ChrisA_01.jpg */,
				EF7E8C9C1CA0C5A8005FFB2F /* MSC13_ChrisA_02.jpg */,
				EF7E8C9D1CA0C5A8005FFB2F /* MSC13_ChrisA_04.jpg */,
				EF7E8C9E1CA0C5A8005FFB2F /* WIN12_Alberto_01.png */,
				EF7E8C9F1CA0C5A8005FFB2F /* WIN12_Alberto_03.png */,
			);
			name = Images;
			sourceTree = "<group>";
		};
/* End PBXGroup section */

/* Begin PBXNativeTarget section */
		6003F589195388D20070C39A /* ProjectOxfordFace_Example */ = {
			isa = PBXNativeTarget;
			buildConfigurationList = 6003F5BF195388D20070C39A /* Build configuration list for PBXNativeTarget "ProjectOxfordFace_Example" */;
			buildPhases = (
				3B19B1070C448191FAC2C1C6 /* [CP] Check Pods Manifest.lock */,
				6003F586195388D20070C39A /* Sources */,
				6003F587195388D20070C39A /* Frameworks */,
				6003F588195388D20070C39A /* Resources */,
				F279D165879B451C158E7BC9 /* [CP] Embed Pods Frameworks */,
			);
			buildRules = (
			);
			dependencies = (
			);
			name = ProjectOxfordFace_Example;
			productName = ProjectOxfordFace;
			productReference = 6003F58A195388D20070C39A /* ProjectOxfordFace_Example.app */;
			productType = "com.apple.product-type.application";
		};
		6003F5AD195388D20070C39A /* ProjectOxfordFace_Tests */ = {
			isa = PBXNativeTarget;
			buildConfigurationList = 6003F5C2195388D20070C39A /* Build configuration list for PBXNativeTarget "ProjectOxfordFace_Tests" */;
			buildPhases = (
				51309F1CD15A8AD73DE52F14 /* [CP] Check Pods Manifest.lock */,
				6003F5AA195388D20070C39A /* Sources */,
				6003F5AB195388D20070C39A /* Frameworks */,
				6003F5AC195388D20070C39A /* Resources */,
			);
			buildRules = (
			);
			dependencies = (
				6003F5B4195388D20070C39A /* PBXTargetDependency */,
			);
			name = ProjectOxfordFace_Tests;
			productName = ProjectOxfordFaceTests;
			productReference = 6003F5AE195388D20070C39A /* ProjectOxfordFace_Tests.xctest */;
			productType = "com.apple.product-type.bundle.unit-test";
		};
/* End PBXNativeTarget section */

/* Begin PBXProject section */
		6003F582195388D10070C39A /* Project object */ = {
			isa = PBXProject;
			attributes = {
				CLASSPREFIX = MPO;
				LastUpgradeCheck = 0800;
				ORGANIZATIONNAME = "David Porter";
				TargetAttributes = {
					6003F589195388D20070C39A = {
						DevelopmentTeam = 5VZ53ZWHKU;
						ProvisioningStyle = Automatic;
					};
					6003F5AD195388D20070C39A = {
						DevelopmentTeam = 86C6K78PD9;
						TestTargetID = 6003F589195388D20070C39A;
					};
				};
			};
			buildConfigurationList = 6003F585195388D10070C39A /* Build configuration list for PBXProject "ProjectOxfordFace" */;
			compatibilityVersion = "Xcode 3.2";
			developmentRegion = English;
			hasScannedForEncodings = 0;
			knownRegions = (
				en,
				Base,
			);
			mainGroup = 6003F581195388D10070C39A;
			productRefGroup = 6003F58B195388D20070C39A /* Products */;
			projectDirPath = "";
			projectRoot = "";
			targets = (
				6003F589195388D20070C39A /* ProjectOxfordFace_Example */,
				6003F5AD195388D20070C39A /* ProjectOxfordFace_Tests */,
			);
		};
/* End PBXProject section */

/* Begin PBXResourcesBuildPhase section */
		6003F588195388D20070C39A /* Resources */ = {
			isa = PBXResourcesBuildPhase;
			buildActionMask = 2147483647;
			files = (
				EF7E8CA61CA0C5A8005FFB2F /* WIN12_Alberto_03.png in Resources */,
				7B643B8D1D5F450F0012F342 /* MPOPersonFaceCell.xib in Resources */,
				EF7E8CA21CA0C5A8005FFB2F /* MSC13_ChrisA_01.jpg in Resources */,
				EF7E8CA31CA0C5A8005FFB2F /* MSC13_ChrisA_02.jpg in Resources */,
				6003F5A9195388D20070C39A /* Images.xcassets in Resources */,
				EF7E8CA01CA0C5A8005FFB2F /* MSC12_John_001.jpg in Resources */,
				7B643B7F1D5F44780012F342 /* LICENSE in Resources */,
				7B643B8F1D5F450F0012F342 /* MPOSimpleFaceCell.xib in Resources */,
				EFD5E59B1C79AA7300CD8FE8 /* MainStoryboard.storyboard in Resources */,
				EF7E8CA41CA0C5A8005FFB2F /* MSC13_ChrisA_04.jpg in Resources */,
				EF7E8CA51CA0C5A8005FFB2F /* WIN12_Alberto_01.png in Resources */,
				EF7E8CA11CA0C5A8005FFB2F /* MSC12_John_002.jpg in Resources */,
				6003F598195388D20070C39A /* InfoPlist.strings in Resources */,
			);
			runOnlyForDeploymentPostprocessing = 0;
		};
		6003F5AC195388D20070C39A /* Resources */ = {
			isa = PBXResourcesBuildPhase;
			buildActionMask = 2147483647;
			files = (
				6003F5BA195388D20070C39A /* InfoPlist.strings in Resources */,
			);
			runOnlyForDeploymentPostprocessing = 0;
		};
/* End PBXResourcesBuildPhase section */

/* Begin PBXShellScriptBuildPhase section */
		3B19B1070C448191FAC2C1C6 /* [CP] Check Pods Manifest.lock */ = {
			isa = PBXShellScriptBuildPhase;
			buildActionMask = 2147483647;
			files = (
			);
			inputPaths = (
				"${PODS_PODFILE_DIR_PATH}/Podfile.lock",
				"${PODS_ROOT}/Manifest.lock",
			);
			name = "[CP] Check Pods Manifest.lock";
			outputPaths = (
				"$(DERIVED_FILE_DIR)/Pods-ProjectOxfordFace_Example-checkManifestLockResult.txt",
			);
			runOnlyForDeploymentPostprocessing = 0;
			shellPath = /bin/sh;
			shellScript = "diff \"${PODS_PODFILE_DIR_PATH}/Podfile.lock\" \"${PODS_ROOT}/Manifest.lock\" > /dev/null\nif [ $? != 0 ] ; then\n    # print error to STDERR\n    echo \"error: The sandbox is not in sync with the Podfile.lock. Run 'pod install' or update your CocoaPods installation.\" >&2\n    exit 1\nfi\n# This output is used by Xcode 'outputs' to avoid re-running this script phase.\necho \"SUCCESS\" > \"${SCRIPT_OUTPUT_FILE_0}\"\n";
			showEnvVarsInLog = 0;
		};
		51309F1CD15A8AD73DE52F14 /* [CP] Check Pods Manifest.lock */ = {
			isa = PBXShellScriptBuildPhase;
			buildActionMask = 2147483647;
			files = (
			);
			inputPaths = (
				"${PODS_PODFILE_DIR_PATH}/Podfile.lock",
				"${PODS_ROOT}/Manifest.lock",
			);
			name = "[CP] Check Pods Manifest.lock";
			outputPaths = (
				"$(DERIVED_FILE_DIR)/Pods-ProjectOxfordFace_Tests-checkManifestLockResult.txt",
			);
			runOnlyForDeploymentPostprocessing = 0;
			shellPath = /bin/sh;
			shellScript = "diff \"${PODS_PODFILE_DIR_PATH}/Podfile.lock\" \"${PODS_ROOT}/Manifest.lock\" > /dev/null\nif [ $? != 0 ] ; then\n    # print error to STDERR\n    echo \"error: The sandbox is not in sync with the Podfile.lock. Run 'pod install' or update your CocoaPods installation.\" >&2\n    exit 1\nfi\n# This output is used by Xcode 'outputs' to avoid re-running this script phase.\necho \"SUCCESS\" > \"${SCRIPT_OUTPUT_FILE_0}\"\n";
			showEnvVarsInLog = 0;
		};
		F279D165879B451C158E7BC9 /* [CP] Embed Pods Frameworks */ = {
			isa = PBXShellScriptBuildPhase;
			buildActionMask = 2147483647;
			files = (
			);
			inputPaths = (
				"${SRCROOT}/Pods/Target Support Files/Pods-ProjectOxfordFace_Example/Pods-ProjectOxfordFace_Example-frameworks.sh",
				"${BUILT_PRODUCTS_DIR}/ProjectOxfordFace/ProjectOxfordFace.framework",
			);
			name = "[CP] Embed Pods Frameworks";
			outputPaths = (
				"${TARGET_BUILD_DIR}/${FRAMEWORKS_FOLDER_PATH}/ProjectOxfordFace.framework",
			);
			runOnlyForDeploymentPostprocessing = 0;
			shellPath = /bin/sh;
			shellScript = "\"${SRCROOT}/Pods/Target Support Files/Pods-ProjectOxfordFace_Example/Pods-ProjectOxfordFace_Example-frameworks.sh\"\n";
			showEnvVarsInLog = 0;
		};
/* End PBXShellScriptBuildPhase section */

/* Begin PBXSourcesBuildPhase section */
		6003F586195388D20070C39A /* Sources */ = {
			isa = PBXSourcesBuildPhase;
			buildActionMask = 2147483647;
			files = (
				E25BA4F420FDCD1F00C18B42 /* PersistedFace.m in Sources */,
				7B643BDB1D60604A0012F342 /* MPOGroupSectionHeaderView.m in Sources */,
				6003F59E195388D20070C39A /* MPOAppDelegate.mm in Sources */,
				7B643B961D5F45190012F342 /* GroupPerson.m in Sources */,
				7B643BB21D5F452B0012F342 /* MPOPersonGroupController.m in Sources */,
				7B643B971D5F45190012F342 /* PersonFace.m in Sources */,
				7B643BB01D5F452B0012F342 /* MPOIdentificationViewController.m in Sources */,
				7B643BC71D5F467B0012F342 /* UIImage+Resize.m in Sources */,
				7B643BAE1D5F452B0012F342 /* MPOGroupingViewController.m in Sources */,
				7B4071AD1D65EC1100362256 /* MPOAddPersonFaceController.m in Sources */,
				7B4071B01D69BEDB00362256 /* UIViewController+BackButtonHandler.m in Sources */,
				7B643BCB1D5F467B0012F342 /* CommonUtil.m in Sources */,
				7B643B7E1D5F44780012F342 /* Colours.m in Sources */,
				7B643BC51D5F467B0012F342 /* UIImage+Crop.m in Sources */,
				7B643BD51D6041E00012F342 /* MPODetectionCell.m in Sources */,
				7B643BB31D5F452B0012F342 /* MPOPersonFacesController.m in Sources */,
				7B4071B31D69BFF300362256 /* MPOMainNavigationController.m in Sources */,
				7B643B8E1D5F450F0012F342 /* MPOSimpleFaceCell.m in Sources */,
				7B643BCA1D5F467B0012F342 /* ViewUtils.m in Sources */,
				7B643BAB1D5F452B0012F342 /* MPOMainViewController.m in Sources */,
				7B643BC61D5F467B0012F342 /* UIImage+FixOrientation.m in Sources */,
				7B643B811D5F44780012F342 /* ImageHelper.m in Sources */,
				7B643B8C1D5F450F0012F342 /* MPOPersonFaceCell.m in Sources */,
				7B643BAC1D5F452B0012F342 /* MPODetectionViewController.m in Sources */,
				7B643BAF1D5F452B0012F342 /* MPOSimilarFaceViewController.m in Sources */,
				6003F59A195388D20070C39A /* main.m in Sources */,
				7B643BC81D5F467B0012F342 /* UIViewController+DismissKeyboard.m in Sources */,
				7B643BB11D5F452B0012F342 /* MPOPersonGroupListController.m in Sources */,
				7B643B981D5F45190012F342 /* PersonGroup.m in Sources */,
				7B643B821D5F44780012F342 /* MBProgressHUD.m in Sources */,
				7B643BAD1D5F452B0012F342 /* MPOVerificationViewController.m in Sources */,
			);
			runOnlyForDeploymentPostprocessing = 0;
		};
		6003F5AA195388D20070C39A /* Sources */ = {
			isa = PBXSourcesBuildPhase;
			buildActionMask = 2147483647;
			files = (
				EF575B121C6872540021A3AD /* MPOTestHelpers.m in Sources */,
				EF575B141C6872540021A3AD /* SimilarTestCase.m in Sources */,
				EF575B0F1C6872540021A3AD /* DetectTestCase.m in Sources */,
				EF575B111C6872540021A3AD /* IdentifyTestCase.m in Sources */,
				EF575B151C6872540021A3AD /* VerifyTestCase.m in Sources */,
				6003F5BC195388D20070C39A /* Tests.m in Sources */,
				EF575B131C6872540021A3AD /* PersonGroupTestCase.m in Sources */,
				EF575B101C6872540021A3AD /* GroupTestCase.m in Sources */,
				EF9BE0141C7083380017C1FB /* FaceListTestCase.m in Sources */,
			);
			runOnlyForDeploymentPostprocessing = 0;
		};
/* End PBXSourcesBuildPhase section */

/* Begin PBXTargetDependency section */
		6003F5B4195388D20070C39A /* PBXTargetDependency */ = {
			isa = PBXTargetDependency;
			target = 6003F589195388D20070C39A /* ProjectOxfordFace_Example */;
			targetProxy = 6003F5B3195388D20070C39A /* PBXContainerItemProxy */;
		};
/* End PBXTargetDependency section */

/* Begin PBXVariantGroup section */
		6003F596195388D20070C39A /* InfoPlist.strings */ = {
			isa = PBXVariantGroup;
			children = (
				6003F597195388D20070C39A /* en */,
			);
			name = InfoPlist.strings;
			sourceTree = "<group>";
		};
		6003F5B8195388D20070C39A /* InfoPlist.strings */ = {
			isa = PBXVariantGroup;
			children = (
				6003F5B9195388D20070C39A /* en */,
			);
			name = InfoPlist.strings;
			sourceTree = "<group>";
		};
/* End PBXVariantGroup section */

/* Begin XCBuildConfiguration section */
		6003F5BD195388D20070C39A /* Debug */ = {
			isa = XCBuildConfiguration;
			buildSettings = {
				ALWAYS_SEARCH_USER_PATHS = NO;
				CLANG_CXX_LANGUAGE_STANDARD = "gnu++0x";
				CLANG_CXX_LIBRARY = "libc++";
				CLANG_ENABLE_MODULES = YES;
				CLANG_ENABLE_OBJC_ARC = YES;
				CLANG_WARN_BOOL_CONVERSION = YES;
				CLANG_WARN_CONSTANT_CONVERSION = YES;
				CLANG_WARN_DIRECT_OBJC_ISA_USAGE = YES_ERROR;
				CLANG_WARN_EMPTY_BODY = YES;
				CLANG_WARN_ENUM_CONVERSION = YES;
				CLANG_WARN_INFINITE_RECURSION = YES;
				CLANG_WARN_INT_CONVERSION = YES;
				CLANG_WARN_OBJC_ROOT_CLASS = YES_ERROR;
				CLANG_WARN_SUSPICIOUS_MOVE = YES;
				CLANG_WARN_UNREACHABLE_CODE = YES;
				CLANG_WARN__DUPLICATE_METHOD_MATCH = YES;
				"CODE_SIGN_IDENTITY[sdk=iphoneos*]" = "iPhone Developer";
				COPY_PHASE_STRIP = NO;
				ENABLE_STRICT_OBJC_MSGSEND = YES;
				ENABLE_TESTABILITY = YES;
				GCC_C_LANGUAGE_STANDARD = gnu99;
				GCC_DYNAMIC_NO_PIC = NO;
				GCC_NO_COMMON_BLOCKS = YES;
				GCC_OPTIMIZATION_LEVEL = 0;
				GCC_PREPROCESSOR_DEFINITIONS = (
					"DEBUG=1",
					"$(inherited)",
				);
				GCC_SYMBOLS_PRIVATE_EXTERN = NO;
				GCC_WARN_64_TO_32_BIT_CONVERSION = YES;
				GCC_WARN_ABOUT_RETURN_TYPE = YES_ERROR;
				GCC_WARN_UNDECLARED_SELECTOR = YES;
				GCC_WARN_UNINITIALIZED_AUTOS = YES_AGGRESSIVE;
				GCC_WARN_UNUSED_FUNCTION = YES;
				GCC_WARN_UNUSED_VARIABLE = YES;
				IPHONEOS_DEPLOYMENT_TARGET = 8.0;
				ONLY_ACTIVE_ARCH = YES;
				SDKROOT = iphoneos;
				TARGETED_DEVICE_FAMILY = "1,2";
			};
			name = Debug;
		};
		6003F5BE195388D20070C39A /* Release */ = {
			isa = XCBuildConfiguration;
			buildSettings = {
				ALWAYS_SEARCH_USER_PATHS = NO;
				CLANG_CXX_LANGUAGE_STANDARD = "gnu++0x";
				CLANG_CXX_LIBRARY = "libc++";
				CLANG_ENABLE_MODULES = YES;
				CLANG_ENABLE_OBJC_ARC = YES;
				CLANG_WARN_BOOL_CONVERSION = YES;
				CLANG_WARN_CONSTANT_CONVERSION = YES;
				CLANG_WARN_DIRECT_OBJC_ISA_USAGE = YES_ERROR;
				CLANG_WARN_EMPTY_BODY = YES;
				CLANG_WARN_ENUM_CONVERSION = YES;
				CLANG_WARN_INFINITE_RECURSION = YES;
				CLANG_WARN_INT_CONVERSION = YES;
				CLANG_WARN_OBJC_ROOT_CLASS = YES_ERROR;
				CLANG_WARN_SUSPICIOUS_MOVE = YES;
				CLANG_WARN_UNREACHABLE_CODE = YES;
				CLANG_WARN__DUPLICATE_METHOD_MATCH = YES;
				"CODE_SIGN_IDENTITY[sdk=iphoneos*]" = "iPhone Developer";
				COPY_PHASE_STRIP = YES;
				ENABLE_NS_ASSERTIONS = NO;
				ENABLE_STRICT_OBJC_MSGSEND = YES;
				GCC_C_LANGUAGE_STANDARD = gnu99;
				GCC_NO_COMMON_BLOCKS = YES;
				GCC_WARN_64_TO_32_BIT_CONVERSION = YES;
				GCC_WARN_ABOUT_RETURN_TYPE = YES_ERROR;
				GCC_WARN_UNDECLARED_SELECTOR = YES;
				GCC_WARN_UNINITIALIZED_AUTOS = YES_AGGRESSIVE;
				GCC_WARN_UNUSED_FUNCTION = YES;
				GCC_WARN_UNUSED_VARIABLE = YES;
				IPHONEOS_DEPLOYMENT_TARGET = 8.0;
				SDKROOT = iphoneos;
				TARGETED_DEVICE_FAMILY = "1,2";
				VALIDATE_PRODUCT = YES;
			};
			name = Release;
		};
		6003F5C0195388D20070C39A /* Debug */ = {
			isa = XCBuildConfiguration;
			baseConfigurationReference = 48DF88C98C0ED6A235A8BF0E /* Pods-ProjectOxfordFace_Example.debug.xcconfig */;
			buildSettings = {
				ASSETCATALOG_COMPILER_APPICON_NAME = AppIcon;
				ASSETCATALOG_COMPILER_LAUNCHIMAGE_NAME = LaunchImage;
				CODE_SIGN_IDENTITY = "iPhone Developer";
				"CODE_SIGN_IDENTITY[sdk=iphoneos*]" = "iPhone Developer";
				DEVELOPMENT_TEAM = 5VZ53ZWHKU;
				FRAMEWORK_SEARCH_PATHS = "$(inherited)";
				GCC_PRECOMPILE_PREFIX_HEADER = YES;
				GCC_PREFIX_HEADER = "ProjectOxfordFace/ProjectOxfordFace-Prefix.pch";
				HEADER_SEARCH_PATHS = "$(PROJECT_DIR)/FaceSDK/FaceSdkMobile.framework/Headers";
				INFOPLIST_FILE = "ProjectOxfordFace/ProjectOxfordFace-Info.plist";
				IPHONEOS_DEPLOYMENT_TARGET = 8.0;
				MODULE_NAME = ExampleApp;
				PRODUCT_BUNDLE_IDENTIFIER = "org.cocoapods.Pods-ProjectOxfordFace-Example";
				PRODUCT_NAME = "$(TARGET_NAME)";
				PROVISIONING_PROFILE = "";
				WRAPPER_EXTENSION = app;
			};
			name = Debug;
		};
		6003F5C1195388D20070C39A /* Release */ = {
			isa = XCBuildConfiguration;
			baseConfigurationReference = A51D13CAF7F407F1572D680E /* Pods-ProjectOxfordFace_Example.release.xcconfig */;
			buildSettings = {
				ASSETCATALOG_COMPILER_APPICON_NAME = AppIcon;
				ASSETCATALOG_COMPILER_LAUNCHIMAGE_NAME = LaunchImage;
				CODE_SIGN_IDENTITY = "iPhone Developer";
				"CODE_SIGN_IDENTITY[sdk=iphoneos*]" = "iPhone Developer";
				DEVELOPMENT_TEAM = 5VZ53ZWHKU;
				FRAMEWORK_SEARCH_PATHS = "$(inherited)";
				GCC_PRECOMPILE_PREFIX_HEADER = YES;
				GCC_PREFIX_HEADER = "ProjectOxfordFace/ProjectOxfordFace-Prefix.pch";
				HEADER_SEARCH_PATHS = "$(PROJECT_DIR)/FaceSDK/FaceSdkMobile.framework/Headers";
				INFOPLIST_FILE = "ProjectOxfordFace/ProjectOxfordFace-Info.plist";
				IPHONEOS_DEPLOYMENT_TARGET = 8.0;
				MODULE_NAME = ExampleApp;
				PRODUCT_BUNDLE_IDENTIFIER = "org.cocoapods.Pods-ProjectOxfordFace-Example";
				PRODUCT_NAME = "$(TARGET_NAME)";
				PROVISIONING_PROFILE = "";
				WRAPPER_EXTENSION = app;
			};
			name = Release;
		};
		6003F5C3195388D20070C39A /* Debug */ = {
			isa = XCBuildConfiguration;
			baseConfigurationReference = 14D9649E7385DC1922B971FB /* Pods-ProjectOxfordFace_Tests.debug.xcconfig */;
			buildSettings = {
				BUNDLE_LOADER = "$(TEST_HOST)";
				DEVELOPMENT_TEAM = 86C6K78PD9;
				FRAMEWORK_SEARCH_PATHS = (
					"$(SDKROOT)/Developer/Library/Frameworks",
					"$(inherited)",
					"$(DEVELOPER_FRAMEWORKS_DIR)",
				);
				GCC_PRECOMPILE_PREFIX_HEADER = YES;
				GCC_PREFIX_HEADER = "Tests/Tests-Prefix.pch";
				GCC_PREPROCESSOR_DEFINITIONS = (
					"DEBUG=1",
					"$(inherited)",
				);
				INFOPLIST_FILE = "Tests/Tests-Info.plist";
				PRODUCT_BUNDLE_IDENTIFIER = "org.cocoapods.demo.${PRODUCT_NAME:rfc1034identifier}";
				PRODUCT_NAME = "$(TARGET_NAME)";
				TEST_HOST = "$(BUILT_PRODUCTS_DIR)/ProjectOxfordFace_Example.app/ProjectOxfordFace_Example";
				WRAPPER_EXTENSION = xctest;
			};
			name = Debug;
		};
		6003F5C4195388D20070C39A /* Release */ = {
			isa = XCBuildConfiguration;
			baseConfigurationReference = 6721C85774307A50E8CEE96C /* Pods-ProjectOxfordFace_Tests.release.xcconfig */;
			buildSettings = {
				BUNDLE_LOADER = "$(TEST_HOST)";
				DEVELOPMENT_TEAM = 86C6K78PD9;
				FRAMEWORK_SEARCH_PATHS = (
					"$(SDKROOT)/Developer/Library/Frameworks",
					"$(inherited)",
					"$(DEVELOPER_FRAMEWORKS_DIR)",
				);
				GCC_PRECOMPILE_PREFIX_HEADER = YES;
				GCC_PREFIX_HEADER = "Tests/Tests-Prefix.pch";
				INFOPLIST_FILE = "Tests/Tests-Info.plist";
				PRODUCT_BUNDLE_IDENTIFIER = "org.cocoapods.demo.${PRODUCT_NAME:rfc1034identifier}";
				PRODUCT_NAME = "$(TARGET_NAME)";
				TEST_HOST = "$(BUILT_PRODUCTS_DIR)/ProjectOxfordFace_Example.app/ProjectOxfordFace_Example";
				WRAPPER_EXTENSION = xctest;
			};
			name = Release;
		};
/* End XCBuildConfiguration section */

/* Begin XCConfigurationList section */
		6003F585195388D10070C39A /* Build configuration list for PBXProject "ProjectOxfordFace" */ = {
			isa = XCConfigurationList;
			buildConfigurations = (
				6003F5BD195388D20070C39A /* Debug */,
				6003F5BE195388D20070C39A /* Release */,
			);
			defaultConfigurationIsVisible = 0;
			defaultConfigurationName = Release;
		};
		6003F5BF195388D20070C39A /* Build configuration list for PBXNativeTarget "ProjectOxfordFace_Example" */ = {
			isa = XCConfigurationList;
			buildConfigurations = (
				6003F5C0195388D20070C39A /* Debug */,
				6003F5C1195388D20070C39A /* Release */,
			);
			defaultConfigurationIsVisible = 0;
			defaultConfigurationName = Release;
		};
		6003F5C2195388D20070C39A /* Build configuration list for PBXNativeTarget "ProjectOxfordFace_Tests" */ = {
			isa = XCConfigurationList;
			buildConfigurations = (
				6003F5C3195388D20070C39A /* Debug */,
				6003F5C4195388D20070C39A /* Release */,
			);
			defaultConfigurationIsVisible = 0;
			defaultConfigurationName = Release;
		};
/* End XCConfigurationList section */
	};
	rootObject = 6003F582195388D10070C39A /* Project object */;
}
